
Microsoft Visual Studio Solution File, Format Version 12.00
# Visual Studio Version 17
VisualStudioVersion = 17.8.34408.163
MinimumVisualStudioVersion = 10.0.40219.1
Project("{FAE04EC0-301F-11D3-BF4B-00C04F79EFBC}") = "FinalProj", "ProjetoFinalWebAPI\FinalProj.csproj", "{320197AF-2CB7-4075-B85F-E3A2A987EBCD}"
EndProject
Global
	GlobalSection(SolutionConfigurationPlatforms) = preSolution
		Debug|Any CPU = Debug|Any CPU
		Release|Any CPU = Release|Any CPU
	EndGlobalSection
	GlobalSection(ProjectConfigurationPlatforms) = postSolution
		{320197AF-2CB7-4075-B85F-E3A2A987EBCD}.Debug|Any CPU.ActiveCfg = Debug|Any CPU
		{320197AF-2CB7-4075-B85F-E3A2A987EBCD}.Debug|Any CPU.Build.0 = Debug|Any CPU
		{320197AF-2CB7-4075-B85F-E3A2A987EBCD}.Release|Any CPU.ActiveCfg = Release|Any CPU
		{320197AF-2CB7-4075-B85F-E3A2A987EBCD}.Release|Any CPU.Build.0 = Release|Any CPU
	EndGlobalSection
	GlobalSection(SolutionProperties) = preSolution
		HideSolutionNode = FALSE
	EndGlobalSection
	GlobalSection(ExtensibilityGlobals) = postSolution
		SolutionGuid = {D0ED74CE-E505-4E7F-8B8C-0D972D8C6B97}
	EndGlobalSection
EndGlobal
